
Microsoft Visual Studio Solution File, Format Version 12.00
# Visual Studio Version 17
VisualStudioVersion = 17.14.36221.1 d17.14
MinimumVisualStudioVersion = 10.0.40219.1
Project("{FAE04EC0-301F-11D3-BF4B-00C04F79EFBC}") = "Riksbyggen.Backend", "Riksbyggen.Backend\Riksbyggen.Backend.csproj", "{7244B413-1B96-430F-8341-948FA6148CAC}"
EndProject
Global
	GlobalSection(SolutionConfigurationPlatforms) = preSolution
		Debug|Any CPU = Debug|Any CPU
		Release|Any CPU = Release|Any CPU
	EndGlobalSection
	GlobalSection(ProjectConfigurationPlatforms) = postSolution
		{7244B413-1B96-430F-8341-948FA6148CAC}.Debug|Any CPU.ActiveCfg = Debug|Any CPU
		{7244B413-1B96-430F-8341-948FA6148CAC}.Debug|Any CPU.Build.0 = Debug|Any CPU
		{7244B413-1B96-430F-8341-948FA6148CAC}.Release|Any CPU.ActiveCfg = Release|Any CPU
		{7244B413-1B96-430F-8341-948FA6148CAC}.Release|Any CPU.Build.0 = Release|Any CPU
	EndGlobalSection
	GlobalSection(SolutionProperties) = preSolution
		HideSolutionNode = FALSE
	EndGlobalSection
	GlobalSection(ExtensibilityGlobals) = postSolution
		SolutionGuid = {12D45234-8A75-437E-AD8A-067E00CAA91E}
	EndGlobalSection
EndGlobal
